
Microsoft Visual Studio Solution File, Format Version 12.00
# Visual Studio Version 16
VisualStudioVersion = 16.0.31729.503
MinimumVisualStudioVersion = 10.0.40219.1
Project("{FAE04EC0-301F-11D3-BF4B-00C04F79EFBC}") = "CarsCatolog", "CarsCatolog\CarsCatolog.csproj", "{B2DC07D3-BFB1-42CF-981B-B29F33AE9C26}"
EndProject
Global
	GlobalSection(SolutionConfigurationPlatforms) = preSolution
		Debug|Any CPU = Debug|Any CPU
		Release|Any CPU = Release|Any CPU
	EndGlobalSection
	GlobalSection(ProjectConfigurationPlatforms) = postSolution
		{B2DC07D3-BFB1-42CF-981B-B29F33AE9C26}.Debug|Any CPU.ActiveCfg = Debug|Any CPU
		{B2DC07D3-BFB1-42CF-981B-B29F33AE9C26}.Debug|Any CPU.Build.0 = Debug|Any CPU
		{B2DC07D3-BFB1-42CF-981B-B29F33AE9C26}.Release|Any CPU.ActiveCfg = Release|Any CPU
		{B2DC07D3-BFB1-42CF-981B-B29F33AE9C26}.Release|Any CPU.Build.0 = Release|Any CPU
	EndGlobalSection
	GlobalSection(SolutionProperties) = preSolution
		HideSolutionNode = FALSE
	EndGlobalSection
	GlobalSection(ExtensibilityGlobals) = postSolution
		SolutionGuid = {F4BB56F6-9CAD-4EC1-9313-2A17C7B796B1}
	EndGlobalSection
EndGlobal
